<?xml version="1.0" encoding="utf-8"?>
<Project ToolsVersion="4.0" xmlns="http://schemas.microsoft.com/developer/msbuild/2003">
  <ItemGroup>
    <Filter Include="Source Files">
      <UniqueIdentifier>{4FC737F1-C7A5-4376-A066-2A32D752A2FF}</UniqueIdentifier>
      <Extensions>cpp;c;cc;cxx;c++;cppm;ixx;def;odl;idl;hpj;bat;asm;asmx</Extensions>
    </Filter>
    <Filter Include="Header Files">
      <UniqueIdentifier>{93995380-89BD-4b04-88EB-625FBE52EBFB}</UniqueIdentifier>
      <Extensions>h;hh;hpp;hxx;h++;hm;inl;inc;ipp;xsd</Extensions>
    </Filter>
    <Filter Include="Resource Files">
      <UniqueIdentifier>{67DA6AB6-F800-4c08-8B7A-83BB121AAD01}</UniqueIdentifier>
      <Extensions>rc;ico;cur;bmp;dlg;rc2;rct;bin;rgs;gif;jpg;jpeg;jpe;resx;tiff;tif;png;wav;mfcribbon-ms</Extensions>
    </Filter>
  </ItemGroup>
  <ItemGroup>
    <ClCompile Include="src\test.cpp">
      <Filter>Source Files</Filter>
    </ClCompile>
    <ClCompile Include="src\instrument.cpp">
      <Filter>Source Files</Filter>
    </ClCompile>
    <ClCompile Include="src\positions.cpp">
      <Filter>Source Files</Filter>
    </ClCompile>
    <ClCompile Include="src\network_utils.cpp">
      <Filter>Source Files</Filter>
    </ClCompile>
    <ClCompile Include="src\led_radiation_pattern.cpp">
      <Filter>Source Files</Filter>
    </ClCompile>
  </ItemGroup>
  <ItemGroup>
    <ClInclude Include="src\stdafx.h">
      <Filter>Header Files</Filter>
    </ClInclude>
    <ClInclude Include="src\targetver.h">
      <Filter>Header Files</Filter>
    </ClInclude>
    <ClInclude Include="include\visa.h">
      <Filter>Header Files</Filter>
    </ClInclude>
    <ClInclude Include="include\visatype.h">
      <Filter>Header Files</Filter>
    </ClInclude>
    <ClInclude Include="include\ivi.h">
      <Filter>Header Files</Filter>
    </ClInclude>
    <ClInclude Include="include\IviDmm.h">
      <Filter>Header Files</Filter>
    </ClInclude>
    <ClInclude Include="include\IviDmmObsolete.h">
      <Filter>Header Files</Filter>
    </ClInclude>
    <ClInclude Include="include\IviVisaType.h">
      <Filter>Header Files</Filter>
    </ClInclude>
    <ClInclude Include="include\Ke2100.h">
      <Filter>Header Files</Filter>
    </ClInclude>
    <ClInclude Include="include\Thorlabs.MotionControl.KCube.DCServo.h">
      <Filter>Header Files</Filter>
    </ClInclude>
    <ClInclude Include="src\instrument.h">
      <Filter>Header Files</Filter>
    </ClInclude>
    <ClInclude Include="src\positions.h">
      <Filter>Header Files</Filter>
    </ClInclude>
    <ClInclude Include="src\network_utils.h">
      <Filter>Header Files</Filter>
    </ClInclude>
  </ItemGroup>
  <ItemGroup>
    <None Include="lib\GlobMgr.dll">
      <Filter>Resource Files</Filter>
    </None>
    <None Include="lib\ividmm.dll">
      <Filter>Resource Files</Filter>
    </None>
    <None Include="lib\IviDmmTypeLib.dll">
      <Filter>Resource Files</Filter>
    </None>
    <None Include="lib\IviDriverTypeLib.dll">
      <Filter>Resource Files</Filter>
    </None>
    <None Include="lib\Ke2100.dll">
      <Filter>Resource Files</Filter>
    </None>
    <None Include="lib\kernel32.dll">
      <Filter>Resource Files</Filter>
    </None>
    <None Include="lib\Thorlabs.MotionControl.DeviceManager.dll">
      <Filter>Resource Files</Filter>
    </None>
    <None Include="lib\Thorlabs.MotionControl.KCube.DCServo.dll">
      <Filter>Resource Files</Filter>
    </None>
    <None Include="lib\user32.dll">
      <Filter>Resource Files</Filter>
    </None>
  </ItemGroup>
  <ItemGroup>
    <Library Include="lib\IviDmm.lib">
      <Filter>Resource Files</Filter>
    </Library>
    <Library Include="lib\Ke2100.lib">
      <Filter>Resource Files</Filter>
    </Library>
    <Library Include="lib\Thorlabs.MotionControl.KCube.DCServo.lib">
      <Filter>Resource Files</Filter>
    </Library>
    <Library Include="lib\User32.Lib">
      <Filter>Resource Files</Filter>
    </Library>
    <Library Include="lib\visa32.lib">
      <Filter>Resource Files</Filter>
    </Library>
  </ItemGroup>
</Project>